// !$*UTF8*$!
{
	archiveVersion = 1;
	classes = {
	};
	objectVersion = 50;
	objects = {

/* Begin PBXBuildFile section */
		2585E63B22E7E51900516102 /* AppDelegate.swift in Sources */ = {isa = PBXBuildFile; fileRef = 2585E63A22E7E51900516102 /* AppDelegate.swift */; };
		2585E63D22E7E51900516102 /* ViewController.swift in Sources */ = {isa = PBXBuildFile; fileRef = 2585E63C22E7E51900516102 /* ViewController.swift */; };
		2585E64022E7E51900516102 /* Main.storyboard in Resources */ = {isa = PBXBuildFile; fileRef = 2585E63E22E7E51900516102 /* Main.storyboard */; };
		2585E64222E7E51B00516102 /* Assets.xcassets in Resources */ = {isa = PBXBuildFile; fileRef = 2585E64122E7E51B00516102 /* Assets.xcassets */; };
		2585E64522E7E51B00516102 /* LaunchScreen.storyboard in Resources */ = {isa = PBXBuildFile; fileRef = 2585E64322E7E51B00516102 /* LaunchScreen.storyboard */; };
		2585E66622E7EADF00516102 /* car11.jpg in Resources */ = {isa = PBXBuildFile; fileRef = 2585E64D22E7EADF00516102 /* car11.jpg */; };
		2585E66722E7EADF00516102 /* car05.jpg in Resources */ = {isa = PBXBuildFile; fileRef = 2585E64E22E7EADF00516102 /* car05.jpg */; };
		2585E66822E7EADF00516102 /* car04.jpg in Resources */ = {isa = PBXBuildFile; fileRef = 2585E64F22E7EADF00516102 /* car04.jpg */; };
		2585E66922E7EADF00516102 /* car10.jpg in Resources */ = {isa = PBXBuildFile; fileRef = 2585E65022E7EADF00516102 /* car10.jpg */; };
		2585E66A22E7EADF00516102 /* car06.jpg in Resources */ = {isa = PBXBuildFile; fileRef = 2585E65122E7EADF00516102 /* car06.jpg */; };
		2585E66B22E7EADF00516102 /* car12.jpg in Resources */ = {isa = PBXBuildFile; fileRef = 2585E65222E7EADF00516102 /* car12.jpg */; };
		2585E66C22E7EADF00516102 /* car13.jpg in Resources */ = {isa = PBXBuildFile; fileRef = 2585E65322E7EADF00516102 /* car13.jpg */; };
		2585E66D22E7EADF00516102 /* car07.jpg in Resources */ = {isa = PBXBuildFile; fileRef = 2585E65422E7EADF00516102 /* car07.jpg */; };
		2585E66E22E7EADF00516102 /* car03.jpg in Resources */ = {isa = PBXBuildFile; fileRef = 2585E65522E7EADF00516102 /* car03.jpg */; };
		2585E66F22E7EADF00516102 /* car17.jpg in Resources */ = {isa = PBXBuildFile; fileRef = 2585E65622E7EADF00516102 /* car17.jpg */; };
		2585E67022E7EADF00516102 /* car16.jpg in Resources */ = {isa = PBXBuildFile; fileRef = 2585E65722E7EADF00516102 /* car16.jpg */; };
		2585E67122E7EADF00516102 /* car02.jpg in Resources */ = {isa = PBXBuildFile; fileRef = 2585E65822E7EADF00516102 /* car02.jpg */; };
		2585E67222E7EADF00516102 /* car14.jpg in Resources */ = {isa = PBXBuildFile; fileRef = 2585E65922E7EADF00516102 /* car14.jpg */; };
		2585E67322E7EADF00516102 /* car00.jpg in Resources */ = {isa = PBXBuildFile; fileRef = 2585E65A22E7EADF00516102 /* car00.jpg */; };
		2585E67422E7EADF00516102 /* car01.jpg in Resources */ = {isa = PBXBuildFile; fileRef = 2585E65B22E7EADF00516102 /* car01.jpg */; };
		2585E67522E7EADF00516102 /* car15.jpg in Resources */ = {isa = PBXBuildFile; fileRef = 2585E65C22E7EADF00516102 /* car15.jpg */; };
		2585E67622E7EADF00516102 /* car24.jpg in Resources */ = {isa = PBXBuildFile; fileRef = 2585E65D22E7EADF00516102 /* car24.jpg */; };
		2585E67722E7EADF00516102 /* car18.jpg in Resources */ = {isa = PBXBuildFile; fileRef = 2585E65E22E7EADF00516102 /* car18.jpg */; };
		2585E67822E7EADF00516102 /* car19.jpg in Resources */ = {isa = PBXBuildFile; fileRef = 2585E65F22E7EADF00516102 /* car19.jpg */; };
		2585E67922E7EADF00516102 /* car22.jpg in Resources */ = {isa = PBXBuildFile; fileRef = 2585E66022E7EADF00516102 /* car22.jpg */; };
		2585E67A22E7EADF00516102 /* car23.jpg in Resources */ = {isa = PBXBuildFile; fileRef = 2585E66122E7EADF00516102 /* car23.jpg */; };
		2585E67B22E7EADF00516102 /* car09.jpg in Resources */ = {isa = PBXBuildFile; fileRef = 2585E66222E7EADF00516102 /* car09.jpg */; };
		2585E67C22E7EADF00516102 /* car21.jpg in Resources */ = {isa = PBXBuildFile; fileRef = 2585E66322E7EADF00516102 /* car21.jpg */; };
		2585E67D22E7EADF00516102 /* car20.jpg in Resources */ = {isa = PBXBuildFile; fileRef = 2585E66422E7EADF00516102 /* car20.jpg */; };
		2585E67E22E7EADF00516102 /* car08.jpg in Resources */ = {isa = PBXBuildFile; fileRef = 2585E66522E7EADF00516102 /* car08.jpg */; };
		2585E68022E7EC1500516102 /* CustomCell.swift in Sources */ = {isa = PBXBuildFile; fileRef = 2585E67F22E7EC1500516102 /* CustomCell.swift */; };
/* End PBXBuildFile section */

/* Begin PBXFileReference section */
		2585E63722E7E51900516102 /* ios0724.app */ = {isa = PBXFileReference; explicitFileType = wrapper.application; includeInIndex = 0; path = ios0724.app; sourceTree = BUILT_PRODUCTS_DIR; };
		2585E63A22E7E51900516102 /* AppDelegate.swift */ = {isa = PBXFileReference; lastKnownFileType = sourcecode.swift; path = AppDelegate.swift; sourceTree = "<group>"; };
		2585E63C22E7E51900516102 /* ViewController.swift */ = {isa = PBXFileReference; lastKnownFileType = sourcecode.swift; path = ViewController.swift; sourceTree = "<group>"; };
		2585E63F22E7E51900516102 /* Base */ = {isa = PBXFileReference; lastKnownFileType = file.storyboard; name = Base; path = Base.lproj/Main.storyboard; sourceTree = "<group>"; };
		2585E64122E7E51B00516102 /* Assets.xcassets */ = {isa = PBXFileReference; lastKnownFileType = folder.assetcatalog; path = Assets.xcassets; sourceTree = "<group>"; };
		2585E64422E7E51B00516102 /* Base */ = {isa = PBXFileReference; lastKnownFileType = file.storyboard; name = Base; path = Base.lproj/LaunchScreen.storyboard; sourceTree = "<group>"; };
		2585E64622E7E51B00516102 /* Info.plist */ = {isa = PBXFileReference; lastKnownFileType = text.plist.xml; path = Info.plist; sourceTree = "<group>"; };
		2585E64D22E7EADF00516102 /* car11.jpg */ = {isa = PBXFileReference; lastKnownFileType = image.jpeg; path = car11.jpg; sourceTree = "<group>"; };
		2585E64E22E7EADF00516102 /* car05.jpg */ = {isa = PBXFileReference; lastKnownFileType = image.jpeg; path = car05.jpg; sourceTree = "<group>"; };
		2585E64F22E7EADF00516102 /* car04.jpg */ = {isa = PBXFileReference; lastKnownFileType = image.jpeg; path = car04.jpg; sourceTree = "<group>"; };
		2585E65022E7EADF00516102 /* car10.jpg */ = {isa = PBXFileReference; lastKnownFileType = image.jpeg; path = car10.jpg; sourceTree = "<group>"; };
		2585E65122E7EADF00516102 /* car06.jpg */ = {isa = PBXFileReference; lastKnownFileType = image.jpeg; path = car06.jpg; sourceTree = "<group>"; };
		2585E65222E7EADF00516102 /* car12.jpg */ = {isa = PBXFileReference; lastKnownFileType = image.jpeg; path = car12.jpg; sourceTree = "<group>"; };
		2585E65322E7EADF00516102 /* car13.jpg */ = {isa = PBXFileReference; lastKnownFileType = image.jpeg; path = car13.jpg; sourceTree = "<group>"; };
		2585E65422E7EADF00516102 /* car07.jpg */ = {isa = PBXFileReference; lastKnownFileType = image.jpeg; path = car07.jpg; sourceTree = "<group>"; };
		2585E65522E7EADF00516102 /* car03.jpg */ = {isa = PBXFileReference; lastKnownFileType = image.jpeg; path = car03.jpg; sourceTree = "<group>"; };
		2585E65622E7EADF00516102 /* car17.jpg */ = {isa = PBXFileReference; lastKnownFileType = image.jpeg; path = car17.jpg; sourceTree = "<group>"; };
		2585E65722E7EADF00516102 /* car16.jpg */ = {isa = PBXFileReference; lastKnownFileType = image.jpeg; path = car16.jpg; sourceTree = "<group>"; };
		2585E65822E7EADF00516102 /* car02.jpg */ = {isa = PBXFileReference; lastKnownFileType = image.jpeg; path = car02.jpg; sourceTree = "<group>"; };
		2585E65922E7EADF00516102 /* car14.jpg */ = {isa = PBXFileReference; lastKnownFileType = image.jpeg; path = car14.jpg; sourceTree = "<group>"; };
		2585E65A22E7EADF00516102 /* car00.jpg */ = {isa = PBXFileReference; lastKnownFileType = image.jpeg; path = car00.jpg; sourceTree = "<group>"; };
		2585E65B22E7EADF00516102 /* car01.jpg */ = {isa = PBXFileReference; lastKnownFileType = image.jpeg; path = car01.jpg; sourceTree = "<group>"; };
		2585E65C22E7EADF00516102 /* car15.jpg */ = {isa = PBXFileReference; lastKnownFileType = image.jpeg; path = car15.jpg; sourceTree = "<group>"; };
		2585E65D22E7EADF00516102 /* car24.jpg */ = {isa = PBXFileReference; lastKnownFileType = image.jpeg; path = car24.jpg; sourceTree = "<group>"; };
		2585E65E22E7EADF00516102 /* car18.jpg */ = {isa = PBXFileReference; lastKnownFileType = image.jpeg; path = car18.jpg; sourceTree = "<group>"; };
		2585E65F22E7EADF00516102 /* car19.jpg */ = {isa = PBXFileReference; lastKnownFileType = image.jpeg; path = car19.jpg; sourceTree = "<group>"; };
		2585E66022E7EADF00516102 /* car22.jpg */ = {isa = PBXFileReference; lastKnownFileType = image.jpeg; path = car22.jpg; sourceTree = "<group>"; };
		2585E66122E7EADF00516102 /* car23.jpg */ = {isa = PBXFileReference; lastKnownFileType = image.jpeg; path = car23.jpg; sourceTree = "<group>"; };
		2585E66222E7EADF00516102 /* car09.jpg */ = {isa = PBXFileReference; lastKnownFileType = image.jpeg; path = car09.jpg; sourceTree = "<group>"; };
		2585E66322E7EADF00516102 /* car21.jpg */ = {isa = PBXFileReference; lastKnownFileType = image.jpeg; path = car21.jpg; sourceTree = "<group>"; };
		2585E66422E7EADF00516102 /* car20.jpg */ = {isa = PBXFileReference; lastKnownFileType = image.jpeg; path = car20.jpg; sourceTree = "<group>"; };
		2585E66522E7EADF00516102 /* car08.jpg */ = {isa = PBXFileReference; lastKnownFileType = image.jpeg; path = car08.jpg; sourceTree = "<group>"; };
		2585E67F22E7EC1500516102 /* CustomCell.swift */ = {isa = PBXFileReference; lastKnownFileType = sourcecode.swift; path = CustomCell.swift; sourceTree = "<group>"; };
/* End PBXFileReference section */

/* Begin PBXFrameworksBuildPhase section */
		2585E63422E7E51900516102 /* Frameworks */ = {
			isa = PBXFrameworksBuildPhase;
			buildActionMask = 2147483647;
			files = (
			);
			runOnlyForDeploymentPostprocessing = 0;
		};
/* End PBXFrameworksBuildPhase section */

/* Begin PBXGroup section */
		2585E62E22E7E51900516102 = {
			isa = PBXGroup;
			children = (
				2585E63922E7E51900516102 /* ios0724 */,
				2585E63822E7E51900516102 /* Products */,
			);
			sourceTree = "<group>";
		};
		2585E63822E7E51900516102 /* Products */ = {
			isa = PBXGroup;
			children = (
				2585E63722E7E51900516102 /* ios0724.app */,
			);
			name = Products;
			sourceTree = "<group>";
		};
		2585E63922E7E51900516102 /* ios0724 */ = {
			isa = PBXGroup;
			children = (
				2585E64C22E7EADF00516102 /* car */,
				2585E63A22E7E51900516102 /* AppDelegate.swift */,
				2585E63C22E7E51900516102 /* ViewController.swift */,
				2585E63E22E7E51900516102 /* Main.storyboard */,
				2585E64122E7E51B00516102 /* Assets.xcassets */,
				2585E64322E7E51B00516102 /* LaunchScreen.storyboard */,
				2585E64622E7E51B00516102 /* Info.plist */,
				2585E67F22E7EC1500516102 /* CustomCell.swift */,
			);
			path = ios0724;
			sourceTree = "<group>";
		};
		2585E64C22E7EADF00516102 /* car */ = {
			isa = PBXGroup;
			children = (
				2585E64D22E7EADF00516102 /* car11.jpg */,
				2585E64E22E7EADF00516102 /* car05.jpg */,
				2585E64F22E7EADF00516102 /* car04.jpg */,
				2585E65022E7EADF00516102 /* car10.jpg */,
				2585E65122E7EADF00516102 /* car06.jpg */,
				2585E65222E7EADF00516102 /* car12.jpg */,
				2585E65322E7EADF00516102 /* car13.jpg */,
				2585E65422E7EADF00516102 /* car07.jpg */,
				2585E65522E7EADF00516102 /* car03.jpg */,
				2585E65622E7EADF00516102 /* car17.jpg */,
				2585E65722E7EADF00516102 /* car16.jpg */,
				2585E65822E7EADF00516102 /* car02.jpg */,
				2585E65922E7EADF00516102 /* car14.jpg */,
				2585E65A22E7EADF00516102 /* car00.jpg */,
				2585E65B22E7EADF00516102 /* car01.jpg */,
				2585E65C22E7EADF00516102 /* car15.jpg */,
				2585E65D22E7EADF00516102 /* car24.jpg */,
				2585E65E22E7EADF00516102 /* car18.jpg */,
				2585E65F22E7EADF00516102 /* car19.jpg */,
				2585E66022E7EADF00516102 /* car22.jpg */,
				2585E66122E7EADF00516102 /* car23.jpg */,
				2585E66222E7EADF00516102 /* car09.jpg */,
				2585E66322E7EADF00516102 /* car21.jpg */,
				2585E66422E7EADF00516102 /* car20.jpg */,
				2585E66522E7EADF00516102 /* car08.jpg */,
			);
			name = car;
			path = ../../../../Downloads/images/car;
			sourceTree = "<group>";
		};
/* End PBXGroup section */

/* Begin PBXNativeTarget section */
		2585E63622E7E51900516102 /* ios0724 */ = {
			isa = PBXNativeTarget;
			buildConfigurationList = 2585E64922E7E51B00516102 /* Build configuration list for PBXNativeTarget "ios0724" */;
			buildPhases = (
				2585E63322E7E51900516102 /* Sources */,
				2585E63422E7E51900516102 /* Frameworks */,
				2585E63522E7E51900516102 /* Resources */,
			);
			buildRules = (
			);
			dependencies = (
			);
			name = ios0724;
			productName = ios0724;
			productReference = 2585E63722E7E51900516102 /* ios0724.app */;
			productType = "com.apple.product-type.application";
		};
/* End PBXNativeTarget section */

/* Begin PBXProject section */
		2585E62F22E7E51900516102 /* Project object */ = {
			isa = PBXProject;
			attributes = {
				LastSwiftUpdateCheck = 1020;
				LastUpgradeCheck = 1020;
				ORGANIZATIONNAME = 503_18;
				TargetAttributes = {
					2585E63622E7E51900516102 = {
						CreatedOnToolsVersion = 10.2.1;
					};
				};
			};
			buildConfigurationList = 2585E63222E7E51900516102 /* Build configuration list for PBXProject "ios0724" */;
			compatibilityVersion = "Xcode 9.3";
			developmentRegion = en;
			hasScannedForEncodings = 0;
			knownRegions = (
				en,
				Base,
			);
			mainGroup = 2585E62E22E7E51900516102;
			productRefGroup = 2585E63822E7E51900516102 /* Products */;
			projectDirPath = "";
			projectRoot = "";
			targets = (
				2585E63622E7E51900516102 /* ios0724 */,
			);
		};
/* End PBXProject section */

/* Begin PBXResourcesBuildPhase section */
		2585E63522E7E51900516102 /* Resources */ = {
			isa = PBXResourcesBuildPhase;
			buildActionMask = 2147483647;
			files = (
				2585E66922E7EADF00516102 /* car10.jpg in Resources */,
				2585E67122E7EADF00516102 /* car02.jpg in Resources */,
				2585E66E22E7EADF00516102 /* car03.jpg in Resources */,
				2585E67222E7EADF00516102 /* car14.jpg in Resources */,
				2585E67822E7EADF00516102 /* car19.jpg in Resources */,
				2585E67722E7EADF00516102 /* car18.jpg in Resources */,
				2585E66D22E7EADF00516102 /* car07.jpg in Resources */,
				2585E67022E7EADF00516102 /* car16.jpg in Resources */,
				2585E66722E7EADF00516102 /* car05.jpg in Resources */,
				2585E67422E7EADF00516102 /* car01.jpg in Resources */,
				2585E67E22E7EADF00516102 /* car08.jpg in Resources */,
				2585E67922E7EADF00516102 /* car22.jpg in Resources */,
				2585E67C22E7EADF00516102 /* car21.jpg in Resources */,
				2585E67522E7EADF00516102 /* car15.jpg in Resources */,
				2585E66622E7EADF00516102 /* car11.jpg in Resources */,
				2585E64522E7E51B00516102 /* LaunchScreen.storyboard in Resources */,
				2585E66C22E7EADF00516102 /* car13.jpg in Resources */,
				2585E67622E7EADF00516102 /* car24.jpg in Resources */,
				2585E66A22E7EADF00516102 /* car06.jpg in Resources */,
				2585E67B22E7EADF00516102 /* car09.jpg in Resources */,
				2585E64222E7E51B00516102 /* Assets.xcassets in Resources */,
				2585E66822E7EADF00516102 /* car04.jpg in Resources */,
				2585E67A22E7EADF00516102 /* car23.jpg in Resources */,
				2585E66B22E7EADF00516102 /* car12.jpg in Resources */,
				2585E66F22E7EADF00516102 /* car17.jpg in Resources */,
				2585E67322E7EADF00516102 /* car00.jpg in Resources */,
				2585E67D22E7EADF00516102 /* car20.jpg in Resources */,
				2585E64022E7E51900516102 /* Main.storyboard in Resources */,
			);
			runOnlyForDeploymentPostprocessing = 0;
		};
/* End PBXResourcesBuildPhase section */

/* Begin PBXSourcesBuildPhase section */
		2585E63322E7E51900516102 /* Sources */ = {
			isa = PBXSourcesBuildPhase;
			buildActionMask = 2147483647;
			files = (
				2585E63D22E7E51900516102 /* ViewController.swift in Sources */,
				2585E68022E7EC1500516102 /* CustomCell.swift in Sources */,
				2585E63B22E7E51900516102 /* AppDelegate.swift in Sources */,
			);
			runOnlyForDeploymentPostprocessing = 0;
		};
/* End PBXSourcesBuildPhase section */

/* Begin PBXVariantGroup section */
		2585E63E22E7E51900516102 /* Main.storyboard */ = {
			isa = PBXVariantGroup;
			children = (
				2585E63F22E7E51900516102 /* Base */,
			);
			name = Main.storyboard;
			sourceTree = "<group>";
		};
		2585E64322E7E51B00516102 /* LaunchScreen.storyboard */ = {
			isa = PBXVariantGroup;
			children = (
				2585E64422E7E51B00516102 /* Base */,
			);
			name = LaunchScreen.storyboard;
			sourceTree = "<group>";
		};
/* End PBXVariantGroup section */

/* Begin XCBuildConfiguration section */
		2585E64722E7E51B00516102 /* Debug */ = {
			isa = XCBuildConfiguration;
			buildSettings = {
				ALWAYS_SEARCH_USER_PATHS = NO;
				CLANG_ANALYZER_NONNULL = YES;
				CLANG_ANALYZER_NUMBER_OBJECT_CONVERSION = YES_AGGRESSIVE;
				CLANG_CXX_LANGUAGE_STANDARD = "gnu++14";
				CLANG_CXX_LIBRARY = "libc++";
				CLANG_ENABLE_MODULES = YES;
				CLANG_ENABLE_OBJC_ARC = YES;
				CLANG_ENABLE_OBJC_WEAK = YES;
				CLANG_WARN_BLOCK_CAPTURE_AUTORELEASING = YES;
				CLANG_WARN_BOOL_CONVERSION = YES;
				CLANG_WARN_COMMA = YES;
				CLANG_WARN_CONSTANT_CONVERSION = YES;
				CLANG_WARN_DEPRECATED_OBJC_IMPLEMENTATIONS = YES;
				CLANG_WARN_DIRECT_OBJC_ISA_USAGE = YES_ERROR;
				CLANG_WARN_DOCUMENTATION_COMMENTS = YES;
				CLANG_WARN_EMPTY_BODY = YES;
				CLANG_WARN_ENUM_CONVERSION = YES;
				CLANG_WARN_INFINITE_RECURSION = YES;
				CLANG_WARN_INT_CONVERSION = YES;
				CLANG_WARN_NON_LITERAL_NULL_CONVERSION = YES;
				CLANG_WARN_OBJC_IMPLICIT_RETAIN_SELF = YES;
				CLANG_WARN_OBJC_LITERAL_CONVERSION = YES;
				CLANG_WARN_OBJC_ROOT_CLASS = YES_ERROR;
				CLANG_WARN_RANGE_LOOP_ANALYSIS = YES;
				CLANG_WARN_STRICT_PROTOTYPES = YES;
				CLANG_WARN_SUSPICIOUS_MOVE = YES;
				CLANG_WARN_UNGUARDED_AVAILABILITY = YES_AGGRESSIVE;
				CLANG_WARN_UNREACHABLE_CODE = YES;
				CLANG_WARN__DUPLICATE_METHOD_MATCH = YES;
				CODE_SIGN_IDENTITY = "iPhone Developer";
				COPY_PHASE_STRIP = NO;
				DEBUG_INFORMATION_FORMAT = dwarf;
				ENABLE_STRICT_OBJC_MSGSEND = YES;
				ENABLE_TESTABILITY = YES;
				GCC_C_LANGUAGE_STANDARD = gnu11;
				GCC_DYNAMIC_NO_PIC = NO;
				GCC_NO_COMMON_BLOCKS = YES;
				GCC_OPTIMIZATION_LEVEL = 0;
				GCC_PREPROCESSOR_DEFINITIONS = (
					"DEBUG=1",
					"$(inherited)",
				);
				GCC_WARN_64_TO_32_BIT_CONVERSION = YES;
				GCC_WARN_ABOUT_RETURN_TYPE = YES_ERROR;
				GCC_WARN_UNDECLARED_SELECTOR = YES;
				GCC_WARN_UNINITIALIZED_AUTOS = YES_AGGRESSIVE;
				GCC_WARN_UNUSED_FUNCTION = YES;
				GCC_WARN_UNUSED_VARIABLE = YES;
				IPHONEOS_DEPLOYMENT_TARGET = 12.2;
				MTL_ENABLE_DEBUG_INFO = INCLUDE_SOURCE;
				MTL_FAST_MATH = YES;
				ONLY_ACTIVE_ARCH = YES;
				SDKROOT = iphoneos;
				SWIFT_ACTIVE_COMPILATION_CONDITIONS = DEBUG;
				SWIFT_OPTIMIZATION_LEVEL = "-Onone";
			};
			name = Debug;
		};
		2585E64822E7E51B00516102 /* Release */ = {
			isa = XCBuildConfiguration;
			buildSettings = {
				ALWAYS_SEARCH_USER_PATHS = NO;
				CLANG_ANALYZER_NONNULL = YES;
				CLANG_ANALYZER_NUMBER_OBJECT_CONVERSION = YES_AGGRESSIVE;
				CLANG_CXX_LANGUAGE_STANDARD = "gnu++14";
				CLANG_CXX_LIBRARY = "libc++";
				CLANG_ENABLE_MODULES = YES;
				CLANG_ENABLE_OBJC_ARC = YES;
				CLANG_ENABLE_OBJC_WEAK = YES;
				CLANG_WARN_BLOCK_CAPTURE_AUTORELEASING = YES;
				CLANG_WARN_BOOL_CONVERSION = YES;
				CLANG_WARN_COMMA = YES;
				CLANG_WARN_CONSTANT_CONVERSION = YES;
				CLANG_WARN_DEPRECATED_OBJC_IMPLEMENTATIONS = YES;
				CLANG_WARN_DIRECT_OBJC_ISA_USAGE = YES_ERROR;
				CLANG_WARN_DOCUMENTATION_COMMENTS = YES;
				CLANG_WARN_EMPTY_BODY = YES;
				CLANG_WARN_ENUM_CONVERSION = YES;
				CLANG_WARN_INFINITE_RECURSION = YES;
				CLANG_WARN_INT_CONVERSION = YES;
				CLANG_WARN_NON_LITERAL_NULL_CONVERSION = YES;
				CLANG_WARN_OBJC_IMPLICIT_RETAIN_SELF = YES;
				CLANG_WARN_OBJC_LITERAL_CONVERSION = YES;
				CLANG_WARN_OBJC_ROOT_CLASS = YES_ERROR;
				CLANG_WARN_RANGE_LOOP_ANALYSIS = YES;
				CLANG_WARN_STRICT_PROTOTYPES = YES;
				CLANG_WARN_SUSPICIOUS_MOVE = YES;
				CLANG_WARN_UNGUARDED_AVAILABILITY = YES_AGGRESSIVE;
				CLANG_WARN_UNREACHABLE_CODE = YES;
				CLANG_WARN__DUPLICATE_METHOD_MATCH = YES;
				CODE_SIGN_IDENTITY = "iPhone Developer";
				COPY_PHASE_STRIP = NO;
				DEBUG_INFORMATION_FORMAT = "dwarf-with-dsym";
				ENABLE_NS_ASSERTIONS = NO;
				ENABLE_STRICT_OBJC_MSGSEND = YES;
				GCC_C_LANGUAGE_STANDARD = gnu11;
				GCC_NO_COMMON_BLOCKS = YES;
				GCC_WARN_64_TO_32_BIT_CONVERSION = YES;
				GCC_WARN_ABOUT_RETURN_TYPE = YES_ERROR;
				GCC_WARN_UNDECLARED_SELECTOR = YES;
				GCC_WARN_UNINITIALIZED_AUTOS = YES_AGGRESSIVE;
				GCC_WARN_UNUSED_FUNCTION = YES;
				GCC_WARN_UNUSED_VARIABLE = YES;
				IPHONEOS_DEPLOYMENT_TARGET = 12.2;
				MTL_ENABLE_DEBUG_INFO = NO;
				MTL_FAST_MATH = YES;
				SDKROOT = iphoneos;
				SWIFT_COMPILATION_MODE = wholemodule;
				SWIFT_OPTIMIZATION_LEVEL = "-O";
				VALIDATE_PRODUCT = YES;
			};
			name = Release;
		};
		2585E64A22E7E51B00516102 /* Debug */ = {
			isa = XCBuildConfiguration;
			buildSettings = {
				ASSETCATALOG_COMPILER_APPICON_NAME = AppIcon;
				CODE_SIGN_STYLE = Automatic;
				INFOPLIST_FILE = ios0724/Info.plist;
				LD_RUNPATH_SEARCH_PATHS = (
					"$(inherited)",
					"@executable_path/Frameworks",
				);
				PRODUCT_BUNDLE_IDENTIFIER = com.week.lightapp.ios0724;
				PRODUCT_NAME = "$(TARGET_NAME)";
				SWIFT_VERSION = 5.0;
				TARGETED_DEVICE_FAMILY = "1,2";
			};
			name = Debug;
		};
		2585E64B22E7E51B00516102 /* Release */ = {
			isa = XCBuildConfiguration;
			buildSettings = {
				ASSETCATALOG_COMPILER_APPICON_NAME = AppIcon;
				CODE_SIGN_STYLE = Automatic;
				INFOPLIST_FILE = ios0724/Info.plist;
				LD_RUNPATH_SEARCH_PATHS = (
					"$(inherited)",
					"@executable_path/Frameworks",
				);
				PRODUCT_BUNDLE_IDENTIFIER = com.week.lightapp.ios0724;
				PRODUCT_NAME = "$(TARGET_NAME)";
				SWIFT_VERSION = 5.0;
				TARGETED_DEVICE_FAMILY = "1,2";
			};
			name = Release;
		};
/* End XCBuildConfiguration section */

/* Begin XCConfigurationList section */
		2585E63222E7E51900516102 /* Build configuration list for PBXProject "ios0724" */ = {
			isa = XCConfigurationList;
			buildConfigurations = (
				2585E64722E7E51B00516102 /* Debug */,
				2585E64822E7E51B00516102 /* Release */,
			);
			defaultConfigurationIsVisible = 0;
			defaultConfigurationName = Release;
		};
		2585E64922E7E51B00516102 /* Build configuration list for PBXNativeTarget "ios0724" */ = {
			isa = XCConfigurationList;
			buildConfigurations = (
				2585E64A22E7E51B00516102 /* Debug */,
				2585E64B22E7E51B00516102 /* Release */,
			);
			defaultConfigurationIsVisible = 0;
			defaultConfigurationName = Release;
		};
/* End XCConfigurationList section */
	};
	rootObject = 2585E62F22E7E51900516102 /* Project object */;
}
